
Microsoft Visual Studio Solution File, Format Version 12.00
# Visual Studio Version 16
VisualStudioVersion = 16.0.30413.136
MinimumVisualStudioVersion = 10.0.40219.1
Project("{FAE04EC0-301F-11D3-BF4B-00C04F79EFBC}") = "WhileAndArray", "WhileAndArray\WhileAndArray.csproj", "{0542EA7F-0123-4274-A9A7-DDA5DDE5DCB3}"
EndProject
Project("{FAE04EC0-301F-11D3-BF4B-00C04F79EFBC}") = "GuessMyColor", "GuessMyColor\GuessMyColor.csproj", "{3F5E5AB6-204F-4020-9D9B-88B37BE3AADF}"
EndProject
Project("{FAE04EC0-301F-11D3-BF4B-00C04F79EFBC}") = "Array", "Array\Array.csproj", "{84D4E23C-1F0B-4E3A-B06C-4D30B524290D}"
EndProject
Global
	GlobalSection(SolutionConfigurationPlatforms) = preSolution
		Debug|Any CPU = Debug|Any CPU
		Release|Any CPU = Release|Any CPU
	EndGlobalSection
	GlobalSection(ProjectConfigurationPlatforms) = postSolution
		{0542EA7F-0123-4274-A9A7-DDA5DDE5DCB3}.Debug|Any CPU.ActiveCfg = Debug|Any CPU
		{0542EA7F-0123-4274-A9A7-DDA5DDE5DCB3}.Debug|Any CPU.Build.0 = Debug|Any CPU
		{0542EA7F-0123-4274-A9A7-DDA5DDE5DCB3}.Release|Any CPU.ActiveCfg = Release|Any CPU
		{0542EA7F-0123-4274-A9A7-DDA5DDE5DCB3}.Release|Any CPU.Build.0 = Release|Any CPU
		{3F5E5AB6-204F-4020-9D9B-88B37BE3AADF}.Debug|Any CPU.ActiveCfg = Debug|Any CPU
		{3F5E5AB6-204F-4020-9D9B-88B37BE3AADF}.Debug|Any CPU.Build.0 = Debug|Any CPU
		{3F5E5AB6-204F-4020-9D9B-88B37BE3AADF}.Release|Any CPU.ActiveCfg = Release|Any CPU
		{3F5E5AB6-204F-4020-9D9B-88B37BE3AADF}.Release|Any CPU.Build.0 = Release|Any CPU
		{84D4E23C-1F0B-4E3A-B06C-4D30B524290D}.Debug|Any CPU.ActiveCfg = Debug|Any CPU
		{84D4E23C-1F0B-4E3A-B06C-4D30B524290D}.Debug|Any CPU.Build.0 = Debug|Any CPU
		{84D4E23C-1F0B-4E3A-B06C-4D30B524290D}.Release|Any CPU.ActiveCfg = Release|Any CPU
		{84D4E23C-1F0B-4E3A-B06C-4D30B524290D}.Release|Any CPU.Build.0 = Release|Any CPU
	EndGlobalSection
	GlobalSection(SolutionProperties) = preSolution
		HideSolutionNode = FALSE
	EndGlobalSection
	GlobalSection(ExtensibilityGlobals) = postSolution
		SolutionGuid = {F6E3A3DA-F1B8-4D24-8C21-18CDC82B771B}
	EndGlobalSection
EndGlobal
